# THIS IS AN AUTOGENERATED FILE. DO NOT EDIT THIS FILE DIRECTLY.
# yarn lockfile v1


"@nger/core@^1.8.42", "@nger/core@^1.8.54":
  version "1.8.54"
  resolved "https://registry.yarnpkg.com/@nger/core/-/core-1.8.54.tgz#bf1f6e0492f9c1fdf98110b6f8d2d4e743000007"
  integrity sha512-DhfCzeZ1fm1EMJjiHTIf47WNGqxR7iUth9V+IP7cTtnmlh8wL9wTJf98oslRO0dgX3HXP1WjzwDD762UR0ZnTw==
  dependencies:
    "@nger/di" "^1.5.28"
    rxjs "^6.5.3"

"@nger/decorator@^1.1.12":
  version "1.1.12"
  resolved "https://registry.yarnpkg.com/@nger/decorator/-/decorator-1.1.12.tgz#8b921fbffda52338ecc304854c599f455bfc5343"
  integrity sha512-0jOQBEZmG6S5zh1kiaiIIJ90FMKRDfxGyYvjgkn0RMT6SuccOYvkOZkQAaF15rbO1vA5HgMlSfJw6j3ZPrBvSg==
  dependencies:
    reflect-metadata "^0.1.13"

"@nger/di@^1.5.26", "@nger/di@^1.5.28":
  version "1.5.28"
  resolved "https://registry.yarnpkg.com/@nger/di/-/di-1.5.28.tgz#f5f1e195f5b5240ecbca02d44f816aaa6edbc50b"
  integrity sha512-ZrtvxOlvT38lxmhz8wPh3/QmvzQGsvlAWjayeYTVq7dsS1LckjxhAnggMypftZgQUruTL3oO0ykbAzXO+I2JSA==
  dependencies:
    "@nger/decorator" "^1.1.12"

"@nger/http-node@^1.0.13":
  version "1.0.13"
  resolved "https://registry.yarnpkg.com/@nger/http-node/-/http-node-1.0.13.tgz#3a9dc4733b67ed77a66373a8e9f24d4cd1a8073c"
  integrity sha512-3Wa0eZpLMl+yNpHaR6Gj3PzQkWE1Z9BXjKosPJNFhC8tP/E661kXSIoFa6P9lDNte3OspHS2mvYfuUVI1R3w0A==
  dependencies:
    "@nger/core" "^1.8.42"
    "@nger/di" "^1.5.26"
    "@nger/http" "^1.0.13"
    "@types/content-type" "^1.1.3"
    content-type "^1.0.4"
    query-string "^6.9.0"
    url-pattern "^1.0.3"

"@nger/http@^1.0.13":
  version "1.0.14"
  resolved "https://registry.yarnpkg.com/@nger/http/-/http-1.0.14.tgz#7a399ce28ac5d30c5ea57c83de3f455ac1e2c46a"
  integrity sha512-ytZRjilbiIfZTjKj398608u+2oSJVStZRX323QzSV4JU1ap4VJ2J/JsM+iAWCativikQDb63TyjDYpSdIZTZ9Q==
  dependencies:
    "@nger/core" "^1.8.42"
    rxjs "^6.5.3"

"@types/content-type@^1.1.3":
  version "1.1.3"
  resolved "https://registry.yarnpkg.com/@types/content-type/-/content-type-1.1.3.tgz#3688bd77fc12f935548eef102a4e34c512b03a07"
  integrity sha512-pv8VcFrZ3fN93L4rTNIbbUzdkzjEyVMp5mPVjsFfOYTDOZMZiZ8P1dhu+kEv3faYyKzZgLlSvnyQNFg+p/v5ug==

"@wry/equality@^0.1.2":
  version "0.1.9"
  resolved "http://10.0.0.202:9008/@wry%2fequality/-/equality-0.1.9.tgz#b13e18b7a8053c6858aa6c85b54911fb31e3a909"
  integrity sha1-sT4Yt6gFPGhYqmyFtUkR+zHjqQk=
  dependencies:
    tslib "^1.9.3"

apollo-link@^1.2.3:
  version "1.2.13"
  resolved "http://10.0.0.202:9008/apollo-link/-/apollo-link-1.2.13.tgz#dff00fbf19dfcd90fddbc14b6a3f9a771acac6c4"
  integrity sha1-3/APvxnfzZD928FLaj+adxrKxsQ=
  dependencies:
    apollo-utilities "^1.3.0"
    ts-invariant "^0.4.0"
    tslib "^1.9.3"
    zen-observable-ts "^0.8.20"

apollo-utilities@^1.0.1, apollo-utilities@^1.3.0:
  version "1.3.3"
  resolved "http://10.0.0.202:9008/apollo-utilities/-/apollo-utilities-1.3.3.tgz#f1854715a7be80cd810bc3ac95df085815c0787c"
  integrity sha1-8YVHFae+gM2BC8Osld8IWBXAeHw=
  dependencies:
    "@wry/equality" "^0.1.2"
    fast-json-stable-stringify "^2.0.0"
    ts-invariant "^0.4.0"
    tslib "^1.10.0"

content-type@^1.0.4:
  version "1.0.4"
  resolved "https://registry.yarnpkg.com/content-type/-/content-type-1.0.4.tgz#e138cc75e040c727b1966fe5e5f8c9aee256fe3b"
  integrity sha512-hIP3EEPs8tB9AT1L+NUqtwOAps4mk2Zob89MWXMHjHWg9milF/j4osnnQLXBCBFBk/tvIG/tUc9mOUJiPBhPXA==

decode-uri-component@^0.2.0:
  version "0.2.0"
  resolved "https://registry.yarnpkg.com/decode-uri-component/-/decode-uri-component-0.2.0.tgz#eb3913333458775cb84cd1a1fae062106bb87545"
  integrity sha1-6zkTMzRYd1y4TNGh+uBiEGu4dUU=

deprecated-decorator@^0.1.6:
  version "0.1.6"
  resolved "http://10.0.0.202:9008/deprecated-decorator/-/deprecated-decorator-0.1.6.tgz#00966317b7a12fe92f3cc831f7583af329b86c37"
  integrity sha1-AJZjF7ehL+kvPMgx91g68ym4bDc=

fast-json-stable-stringify@^2.0.0:
  version "2.1.0"
  resolved "http://10.0.0.202:9008/fast-json-stable-stringify/-/fast-json-stable-stringify-2.1.0.tgz#874bf69c6f404c2b5d99c481341399fd55892633"
  integrity sha1-h0v2nG9ATCtdmcSBNBOZ/VWJJjM=

graphql-tools@^4.0.6:
  version "4.0.6"
  resolved "http://10.0.0.202:9008/graphql-tools/-/graphql-tools-4.0.6.tgz#0e729e73db05ade3df10a2f92511be544972a844"
  integrity sha1-DnKec9sFrePfEKL5JRG+VElyqEQ=
  dependencies:
    apollo-link "^1.2.3"
    apollo-utilities "^1.0.1"
    deprecated-decorator "^0.1.6"
    iterall "^1.1.3"
    uuid "^3.1.0"

graphql@^14.5.8:
  version "14.5.8"
  resolved "https://registry.yarnpkg.com/graphql/-/graphql-14.5.8.tgz#504f3d3114cb9a0a3f359bbbcf38d9e5bf6a6b3c"
  integrity sha512-MMwmi0zlVLQKLdGiMfWkgQD7dY/TUKt4L+zgJ/aR0Howebod3aNgP5JkgvAULiR2HPVZaP2VEElqtdidHweLkg==
  dependencies:
    iterall "^1.2.2"

iterall@^1.1.3, iterall@^1.2.2:
  version "1.2.2"
  resolved "https://registry.yarnpkg.com/iterall/-/iterall-1.2.2.tgz#92d70deb8028e0c39ff3164fdbf4d8b088130cd7"
  integrity sha512-yynBb1g+RFUPY64fTrFv7nsjRrENBQJaX2UL+2Szc9REFrSNm1rpSXHGzhmAy7a9uv3vlvgBlXnf9RqmPH1/DA==

query-string@^6.9.0:
  version "6.9.0"
  resolved "https://registry.yarnpkg.com/query-string/-/query-string-6.9.0.tgz#1c3b727c370cf00f177c99f328fda2108f8fa3dd"
  integrity sha512-KG4bhCFYapExLsUHrFt+kQVEegF2agm4cpF/VNc6pZVthIfCc/GK8t8VyNIE3nyXG9DK3Tf2EGkxjR6/uRdYsA==
  dependencies:
    decode-uri-component "^0.2.0"
    split-on-first "^1.0.0"
    strict-uri-encode "^2.0.0"

reflect-metadata@^0.1.13:
  version "0.1.13"
  resolved "https://registry.yarnpkg.com/reflect-metadata/-/reflect-metadata-0.1.13.tgz#67ae3ca57c972a2aa1642b10fe363fe32d49dc08"
  integrity sha512-Ts1Y/anZELhSsjMcU605fU9RE4Oi3p5ORujwbIKXfWa+0Zxs510Qrmrce5/Jowq3cHSZSJqBjypxmHarc+vEWg==

rxjs@^6.5.3:
  version "6.5.3"
  resolved "https://registry.yarnpkg.com/rxjs/-/rxjs-6.5.3.tgz#510e26317f4db91a7eb1de77d9dd9ba0a4899a3a"
  integrity sha512-wuYsAYYFdWTAnAaPoKGNhfpWwKZbJW+HgAJ+mImp+Epl7BG8oNWBCTyRM8gba9k4lk8BgWdoYm21Mo/RYhhbgA==
  dependencies:
    tslib "^1.9.0"

split-on-first@^1.0.0:
  version "1.1.0"
  resolved "https://registry.yarnpkg.com/split-on-first/-/split-on-first-1.1.0.tgz#f610afeee3b12bce1d0c30425e76398b78249a5f"
  integrity sha512-43ZssAJaMusuKWL8sKUBQXHWOpq8d6CfN/u1p4gUzfJkM05C8rxTmYrkIPTXapZpORA6LkkzcUulJ8FqA7Uudw==

strict-uri-encode@^2.0.0:
  version "2.0.0"
  resolved "https://registry.yarnpkg.com/strict-uri-encode/-/strict-uri-encode-2.0.0.tgz#b9c7330c7042862f6b142dc274bbcc5866ce3546"
  integrity sha1-ucczDHBChi9rFC3CdLvMWGbONUY=

ts-invariant@^0.4.0:
  version "0.4.4"
  resolved "http://10.0.0.202:9008/ts-invariant/-/ts-invariant-0.4.4.tgz#97a523518688f93aafad01b0e80eb803eb2abd86"
  integrity sha1-l6UjUYaI+TqvrQGw6A64A+sqvYY=
  dependencies:
    tslib "^1.9.3"

tslib@^1.10.0, tslib@^1.9.0, tslib@^1.9.3:
  version "1.10.0"
  resolved "https://registry.yarnpkg.com/tslib/-/tslib-1.10.0.tgz#c3c19f95973fb0a62973fb09d90d961ee43e5c8a"
  integrity sha512-qOebF53frne81cf0S9B41ByenJ3/IuH8yJKngAX35CmiZySA0khhkovshKK+jGCaMnVomla7gVlIcc3EvKPbTQ==

url-pattern@^1.0.3:
  version "1.0.3"
  resolved "https://registry.yarnpkg.com/url-pattern/-/url-pattern-1.0.3.tgz#0409292471b24f23c50d65a47931793d2b5acfc1"
  integrity sha1-BAkpJHGyTyPFDWWkeTF5PStaz8E=

uuid@^3.1.0:
  version "3.3.3"
  resolved "http://10.0.0.202:9008/uuid/-/uuid-3.3.3.tgz#4568f0216e78760ee1dbf3a4d2cf53e224112866"
  integrity sha1-RWjwIW54dg7h2/Ok0s9T4iQRKGY=

zen-observable-ts@^0.8.20:
  version "0.8.20"
  resolved "http://10.0.0.202:9008/zen-observable-ts/-/zen-observable-ts-0.8.20.tgz#44091e335d3fcbc97f6497e63e7f57d5b516b163"
  integrity sha1-RAkeM10/y8l/ZJfmPn9X1bUWsWM=
  dependencies:
    tslib "^1.9.3"
    zen-observable "^0.8.0"

zen-observable@^0.8.0:
  version "0.8.15"
  resolved "http://10.0.0.202:9008/zen-observable/-/zen-observable-0.8.15.tgz#96415c512d8e3ffd920afd3889604e30b9eaac15"
  integrity sha1-lkFcUS2OP/2SCv04iWBOMLnqrBU=
