# THIS IS AN AUTOGENERATED FILE. DO NOT EDIT THIS FILE DIRECTLY.
# yarn lockfile v1


"@dsherret/to-absolute-glob@^2.0.2":
  version "2.0.2"
  resolved "http://10.0.0.202:9008/@dsherret%2fto-absolute-glob/-/to-absolute-glob-2.0.2.tgz#1f6475dc8bd974cea07a2daf3864b317b1dd332c"
  integrity sha1-H2R13IvZdM6gei2vOGSzF7HdMyw=
  dependencies:
    is-absolute "^1.0.0"
    is-negated-glob "^1.0.0"

"@nger/ast.graphql@^1.1.2":
  version "1.1.2"
  resolved "http://10.0.0.202:9008/@nger%2fast.graphql/-/ast.graphql-1.1.2.tgz#6b001fc0a19e2794c1e578c66dd56e1bab633632"
  integrity sha1-awAfwKGeJ5TB5XjGbdVuG6tjNjI=
  dependencies:
    "@nger/decorator" "^1.1.12"
    "@nger/plain" "^1.1.3"
    typescript "^3.7.3"

"@nger/ast.ts-graphql@^1.1.8":
  version "1.1.8"
  resolved "http://10.0.0.202:9008/@nger%2fast.ts-graphql/-/ast.ts-graphql-1.1.8.tgz#1d845dd08997cd0f07af4829b82ea8d6f0c15317"
  integrity sha1-HYRd0ImXzQ8Hr0gpuC6o1vDBUxc=
  dependencies:
    "@nger/ast.graphql" "^1.1.2"
    "@nger/ast.tsc" "^1.1.3"
    "@nger/plain" "^1.1.6"

"@nger/ast.tsc@^1.1.3":
  version "1.1.3"
  resolved "http://10.0.0.202:9008/@nger%2fast.tsc/-/ast.tsc-1.1.3.tgz#de2df2d53f6f395bf61f41d4d5741e3cdcc969ea"
  integrity sha1-3i3y1T9vOVv2H0HU1XQePNzJaeo=
  dependencies:
    "@nger/plain" "^1.1.3"
    ts-morph "^6.0.2"

"@nger/core@^1.9.10", "@nger/core@^1.9.18":
  version "1.9.18"
  resolved "http://10.0.0.202:9008/@nger%2fcore/-/core-1.9.18.tgz#68cce18f9952d3a044f156ab0a621f6658f3cead"
  integrity sha512-H74W8Acgws9nJOWdHFjZF5y51C+TFui5mX/w5sYInJZdULRHztuVs+tJJc+2FCwvm7dA6LtWRlvwnAURGIByWg==
  dependencies:
    "@nger/di" "^1.5.53"
    rxjs "^6.5.3"

"@nger/decorator@^1.1.12", "@nger/decorator@^1.1.13":
  version "1.1.13"
  resolved "http://10.0.0.202:9008/@nger%2fdecorator/-/decorator-1.1.13.tgz#35d554dce87ee65ac8b4fc250019679b78fc7d67"
  integrity sha512-O7S2nsQzZeONl4cSSUPy70MuCRolyJnDqMRIXSuGDec2m827AHbY2dzKwws2IPnci1To5zn5eduPYrwPVYtahg==
  dependencies:
    reflect-metadata "^0.1.13"

"@nger/di@^1.5.53":
  version "1.5.53"
  resolved "http://10.0.0.202:9008/@nger%2fdi/-/di-1.5.53.tgz#e8ab89090371077445ac9563ebe16d1f4a7286b4"
  integrity sha512-CyjLTen9EyPMkJbq/0jxBL8mRGjiIkdivmfE4IJdwVnLjMC9pIwkTnBRzipLAmZGKZMiMFwkdtt720vSTUkSwg==
  dependencies:
    "@nger/decorator" "^1.1.12"

"@nger/http-node@^1.0.21":
  version "1.0.24"
  resolved "http://10.0.0.202:9008/@nger%2fhttp-node/-/http-node-1.0.24.tgz#9d82ea5b04e0078057535076503d699acd382ed9"
  integrity sha1-nYLqWwTgB4BXU1B2UD1pms04Ltk=
  dependencies:
    "@nger/http" "^1.0.44"
    "@types/cookie" "^0.3.3"
    "@types/cookie-signature" "^1.0.3"
    content-type "^1.0.4"
    cookie "^0.4.0"
    cookie-signature "^1.1.0"
    query-string "^6.9.0"
    request "^2.88.0"

"@nger/http@^1.0.44":
  version "1.0.44"
  resolved "http://10.0.0.202:9008/@nger%2fhttp/-/http-1.0.44.tgz#2ff4a621883dce777c313136e7b8f752c5bcc027"
  integrity sha1-L/SmIYg9znd8MTE257j3UsW8wCc=
  dependencies:
    "@nger/core" "^1.9.10"
    "@types/path-to-regexp" "^1.7.0"
    path-to-regexp "^6.1.0"
    rxjs "^6.5.3"

"@nger/plain@^1.1.3", "@nger/plain@^1.1.6":
  version "1.1.6"
  resolved "http://10.0.0.202:9008/@nger%2fplain/-/plain-1.1.6.tgz#39e13607bded8b190c0bdf66bcf070ea6ff52637"
  integrity sha512-GbcOqmIIrIH3lDHd7qMlY2K1ZU3T/k8SU/gbJ6723fZmhPhoNbc7n24MKFubYJ2gqDo6pj6mR/6+0/JWMg+p5w==
  dependencies:
    "@nger/decorator" "^1.1.13"

"@nger/server-ws@^0.0.7":
  version "0.0.7"
  resolved "https://registry.yarnpkg.com/@nger/server-ws/-/server-ws-0.0.7.tgz#6c8d8d5442b9e7ae6801617f9ff2aa67fa626034"
  integrity sha512-0GTpne1UlwL/gHx2TW6DjiBU+vdqBeKP1xptkj7HuDyQdhfw2xvWnPia2P35+rH7ICcJ6zABuWCyNy8L5AYMpw==
  dependencies:
    "@nger/server" "^0.0.7"
    "@types/ws" "^6.0.4"
    subscriptions-transport-ws "^0.9.16"
    ws "^7.2.1"

"@nger/server@^0.0.7":
  version "0.0.7"
  resolved "http://10.0.0.202:9008/@nger%2fserver/-/server-0.0.7.tgz#56e02bc8bb2cec2553f0ab17877aca48255c84be"
  integrity sha1-VuAryLss7CVT8KsXh3rKSCVchL4=
  dependencies:
    "@nger/http-node" "^1.0.21"

"@nodelib/fs.scandir@2.1.3":
  version "2.1.3"
  resolved "http://10.0.0.202:9008/@nodelib%2ffs.scandir/-/fs.scandir-2.1.3.tgz#3a582bdb53804c6ba6d146579c46e52130cf4a3b"
  integrity sha1-Olgr21OATGum0UZXnEblITDPSjs=
  dependencies:
    "@nodelib/fs.stat" "2.0.3"
    run-parallel "^1.1.9"

"@nodelib/fs.stat@2.0.3", "@nodelib/fs.stat@^2.0.2":
  version "2.0.3"
  resolved "http://10.0.0.202:9008/@nodelib%2ffs.stat/-/fs.stat-2.0.3.tgz#34dc5f4cabbc720f4e60f75a747e7ecd6c175bd3"
  integrity sha1-NNxfTKu8cg9OYPdadH5+zWwXW9M=

"@nodelib/fs.walk@^1.2.3":
  version "1.2.4"
  resolved "http://10.0.0.202:9008/@nodelib%2ffs.walk/-/fs.walk-1.2.4.tgz#011b9202a70a6366e436ca5c065844528ab04976"
  integrity sha1-ARuSAqcKY2bkNspcBlhEUoqwSXY=
  dependencies:
    "@nodelib/fs.scandir" "2.1.3"
    fastq "^1.6.0"

"@ts-morph/common@~0.2.2":
  version "0.2.2"
  resolved "http://10.0.0.202:9008/@ts-morph%2fcommon/-/common-0.2.2.tgz#75803343bd1d3f96d68dddbbc9a9c666165a2b99"
  integrity sha1-dYAzQ70dP5bWjd27yanGZhZaK5k=
  dependencies:
    "@dsherret/to-absolute-glob" "^2.0.2"
    fast-glob "^3.1.0"
    fs-extra "^8.1.0"
    is-negated-glob "^1.0.0"
    multimatch "^4.0.0"
    typescript "~3.7.2"

"@types/cookie-signature@^1.0.3":
  version "1.0.3"
  resolved "http://10.0.0.202:9008/@types%2fcookie-signature/-/cookie-signature-1.0.3.tgz#4761a0c31ad159306564a6b41a3f8b014c47eab2"
  integrity sha1-R2GgwxrRWTBlZKa0Gj+LAUxH6rI=

"@types/cookie@^0.3.3":
  version "0.3.3"
  resolved "http://10.0.0.202:9008/@types%2fcookie/-/cookie-0.3.3.tgz#85bc74ba782fb7aa3a514d11767832b0e3bc6803"
  integrity sha1-hbx0ungvt6o6UU0RdngysOO8aAM=

"@types/minimatch@^3.0.3":
  version "3.0.3"
  resolved "http://10.0.0.202:9008/@types%2fminimatch/-/minimatch-3.0.3.tgz#3dca0e3f33b200fc7d1139c0cd96c1268cadfd9d"
  integrity sha1-PcoOPzOyAPx9ETnAzZbBJoyt/Z0=

"@types/node@*":
  version "13.1.2"
  resolved "http://10.0.0.202:9008/@types%2fnode/-/node-13.1.2.tgz#fe94285bf5e0782e1a9e5a8c482b1c34465fa385"
  integrity sha1-/pQoW/XgeC4anlqMSCscNEZfo4U=

"@types/path-to-regexp@^1.7.0":
  version "1.7.0"
  resolved "http://10.0.0.202:9008/@types%2fpath-to-regexp/-/path-to-regexp-1.7.0.tgz#f1af9d9c9db5f8ad80aa75ed424db665c48d6cd4"
  integrity sha1-8a+dnJ21+K2AqnXtQk22ZcSNbNQ=
  dependencies:
    path-to-regexp "*"

"@types/ws@^6.0.4":
  version "6.0.4"
  resolved "http://10.0.0.202:9008/@types%2fws/-/ws-6.0.4.tgz#7797707c8acce8f76d8c34b370d4645b70421ff1"
  integrity sha1-d5dwfIrM6PdtjDSzcNRkW3BCH/E=
  dependencies:
    "@types/node" "*"

"@wry/equality@^0.1.2":
  version "0.1.9"
  resolved "http://10.0.0.202:9008/@wry%2fequality/-/equality-0.1.9.tgz#b13e18b7a8053c6858aa6c85b54911fb31e3a909"
  integrity sha1-sT4Yt6gFPGhYqmyFtUkR+zHjqQk=
  dependencies:
    tslib "^1.9.3"

ajv@^6.5.5:
  version "6.10.2"
  resolved "http://10.0.0.202:9008/ajv/-/ajv-6.10.2.tgz#d3cea04d6b017b2894ad69040fec8b623eb4bd52"
  integrity sha1-086gTWsBeyiUrWkED+yLYj60vVI=
  dependencies:
    fast-deep-equal "^2.0.1"
    fast-json-stable-stringify "^2.0.0"
    json-schema-traverse "^0.4.1"
    uri-js "^4.2.2"

apollo-link@^1.2.3:
  version "1.2.13"
  resolved "http://10.0.0.202:9008/apollo-link/-/apollo-link-1.2.13.tgz#dff00fbf19dfcd90fddbc14b6a3f9a771acac6c4"
  integrity sha1-3/APvxnfzZD928FLaj+adxrKxsQ=
  dependencies:
    apollo-utilities "^1.3.0"
    ts-invariant "^0.4.0"
    tslib "^1.9.3"
    zen-observable-ts "^0.8.20"

apollo-utilities@^1.0.1, apollo-utilities@^1.3.0:
  version "1.3.3"
  resolved "http://10.0.0.202:9008/apollo-utilities/-/apollo-utilities-1.3.3.tgz#f1854715a7be80cd810bc3ac95df085815c0787c"
  integrity sha1-8YVHFae+gM2BC8Osld8IWBXAeHw=
  dependencies:
    "@wry/equality" "^0.1.2"
    fast-json-stable-stringify "^2.0.0"
    ts-invariant "^0.4.0"
    tslib "^1.10.0"

array-differ@^3.0.0:
  version "3.0.0"
  resolved "http://10.0.0.202:9008/array-differ/-/array-differ-3.0.0.tgz#3cbb3d0f316810eafcc47624734237d6aee4ae6b"
  integrity sha1-PLs9DzFoEOr8xHYkc0I31q7krms=

array-union@^2.1.0:
  version "2.1.0"
  resolved "http://10.0.0.202:9008/array-union/-/array-union-2.1.0.tgz#b798420adbeb1de828d84acd8a2e23d3efe85e8d"
  integrity sha1-t5hCCtvrHego2ErNii4j0+/oXo0=

arrify@^2.0.1:
  version "2.0.1"
  resolved "http://10.0.0.202:9008/arrify/-/arrify-2.0.1.tgz#c9655e9331e0abcd588d2a7cad7e9956f66701fa"
  integrity sha1-yWVekzHgq81YjSp8rX6ZVvZnAfo=

asn1@~0.2.3:
  version "0.2.4"
  resolved "http://10.0.0.202:9008/asn1/-/asn1-0.2.4.tgz#8d2475dfab553bb33e77b54e59e880bb8ce23136"
  integrity sha1-jSR136tVO7M+d7VOWeiAu4ziMTY=
  dependencies:
    safer-buffer "~2.1.0"

assert-plus@1.0.0, assert-plus@^1.0.0:
  version "1.0.0"
  resolved "http://10.0.0.202:9008/assert-plus/-/assert-plus-1.0.0.tgz#f12e0f3c5d77b0b1cdd9146942e4e96c1e4dd525"
  integrity sha1-8S4PPF13sLHN2RRpQuTpbB5N1SU=

async-limiter@~1.0.0:
  version "1.0.1"
  resolved "http://10.0.0.202:9008/async-limiter/-/async-limiter-1.0.1.tgz#dd379e94f0db8310b08291f9d64c3209766617fd"
  integrity sha1-3TeelPDbgxCwgpH51kwyCXZmF/0=

asynckit@^0.4.0:
  version "0.4.0"
  resolved "http://10.0.0.202:9008/asynckit/-/asynckit-0.4.0.tgz#c79ed97f7f34cb8f2ba1bc9790bcc366474b4b79"
  integrity sha1-x57Zf380y48robyXkLzDZkdLS3k=

aws-sign2@~0.7.0:
  version "0.7.0"
  resolved "http://10.0.0.202:9008/aws-sign2/-/aws-sign2-0.7.0.tgz#b46e890934a9591f2d2f6f86d7e6a9f1b3fe76a8"
  integrity sha1-tG6JCTSpWR8tL2+G1+ap8bP+dqg=

aws4@^1.8.0:
  version "1.9.0"
  resolved "http://10.0.0.202:9008/aws4/-/aws4-1.9.0.tgz#24390e6ad61386b0a747265754d2a17219de862c"
  integrity sha1-JDkOatYThrCnRyZXVNKhchnehiw=

backo2@^1.0.2:
  version "1.0.2"
  resolved "http://10.0.0.202:9008/backo2/-/backo2-1.0.2.tgz#31ab1ac8b129363463e35b3ebb69f4dfcfba7947"
  integrity sha1-MasayLEpNjRj41s+u2n038+6eUc=

balanced-match@^1.0.0:
  version "1.0.0"
  resolved "http://10.0.0.202:9008/balanced-match/-/balanced-match-1.0.0.tgz#89b4d199ab2bee49de164ea02b89ce462d71b767"
  integrity sha1-ibTRmasr7kneFk6gK4nORi1xt2c=

bcrypt-pbkdf@^1.0.0:
  version "1.0.2"
  resolved "http://10.0.0.202:9008/bcrypt-pbkdf/-/bcrypt-pbkdf-1.0.2.tgz#a4301d389b6a43f9b67ff3ca11a3f6637e360e9e"
  integrity sha1-pDAdOJtqQ/m2f/PKEaP2Y342Dp4=
  dependencies:
    tweetnacl "^0.14.3"

brace-expansion@^1.1.7:
  version "1.1.11"
  resolved "http://10.0.0.202:9008/brace-expansion/-/brace-expansion-1.1.11.tgz#3c7fcbf529d87226f3d2f52b966ff5271eb441dd"
  integrity sha1-PH/L9SnYcibz0vUrlm/1Jx60Qd0=
  dependencies:
    balanced-match "^1.0.0"
    concat-map "0.0.1"

braces@^3.0.1:
  version "3.0.2"
  resolved "http://10.0.0.202:9008/braces/-/braces-3.0.2.tgz#3454e1a462ee8d599e236df336cd9ea4f8afe107"
  integrity sha1-NFThpGLujVmeI23zNs2epPiv4Qc=
  dependencies:
    fill-range "^7.0.1"

caseless@~0.12.0:
  version "0.12.0"
  resolved "http://10.0.0.202:9008/caseless/-/caseless-0.12.0.tgz#1b681c21ff84033c826543090689420d187151dc"
  integrity sha1-G2gcIf+EAzyCZUMJBolCDRhxUdw=

code-block-writer@^10.1.0:
  version "10.1.0"
  resolved "http://10.0.0.202:9008/code-block-writer/-/code-block-writer-10.1.0.tgz#54fc410ebef2af836d9c2314ac40af7d7b37eee9"
  integrity sha1-VPxBDr7yr4NtnCMUrECvfXs37uk=

combined-stream@^1.0.6, combined-stream@~1.0.6:
  version "1.0.8"
  resolved "http://10.0.0.202:9008/combined-stream/-/combined-stream-1.0.8.tgz#c3d45a8b34fd730631a110a8a2520682b31d5a7f"
  integrity sha1-w9RaizT9cwYxoRCoolIGgrMdWn8=
  dependencies:
    delayed-stream "~1.0.0"

concat-map@0.0.1:
  version "0.0.1"
  resolved "http://10.0.0.202:9008/concat-map/-/concat-map-0.0.1.tgz#d8a96bd77fd68df7793a73036a3ba0d5405d477b"
  integrity sha1-2Klr13/Wjfd5OnMDajug1UBdR3s=

content-type@^1.0.4:
  version "1.0.4"
  resolved "http://10.0.0.202:9008/content-type/-/content-type-1.0.4.tgz#e138cc75e040c727b1966fe5e5f8c9aee256fe3b"
  integrity sha1-4TjMdeBAxyexlm/l5fjJruJW/js=

cookie-signature@^1.1.0:
  version "1.1.0"
  resolved "http://10.0.0.202:9008/cookie-signature/-/cookie-signature-1.1.0.tgz#cc94974f91fb9a9c1bb485e95fc2b7f4b120aff2"
  integrity sha1-zJSXT5H7mpwbtIXpX8K39LEgr/I=

cookie@^0.4.0:
  version "0.4.0"
  resolved "http://10.0.0.202:9008/cookie/-/cookie-0.4.0.tgz#beb437e7022b3b6d49019d088665303ebe9c14ba"
  integrity sha1-vrQ35wIrO21JAZ0IhmUwPr6cFLo=

core-util-is@1.0.2:
  version "1.0.2"
  resolved "http://10.0.0.202:9008/core-util-is/-/core-util-is-1.0.2.tgz#b5fd54220aa2bc5ab57aab7140c940754503c1a7"
  integrity sha1-tf1UIgqivFq1eqtxQMlAdUUDwac=

dashdash@^1.12.0:
  version "1.14.1"
  resolved "http://10.0.0.202:9008/dashdash/-/dashdash-1.14.1.tgz#853cfa0f7cbe2fed5de20326b8dd581035f6e2f0"
  integrity sha1-hTz6D3y+L+1d4gMmuN1YEDX24vA=
  dependencies:
    assert-plus "^1.0.0"

decode-uri-component@^0.2.0:
  version "0.2.0"
  resolved "http://10.0.0.202:9008/decode-uri-component/-/decode-uri-component-0.2.0.tgz#eb3913333458775cb84cd1a1fae062106bb87545"
  integrity sha1-6zkTMzRYd1y4TNGh+uBiEGu4dUU=

delayed-stream@~1.0.0:
  version "1.0.0"
  resolved "http://10.0.0.202:9008/delayed-stream/-/delayed-stream-1.0.0.tgz#df3ae199acadfb7d440aaae0b29e2272b24ec619"
  integrity sha1-3zrhmayt+31ECqrgsp4icrJOxhk=

deprecated-decorator@^0.1.6:
  version "0.1.6"
  resolved "http://10.0.0.202:9008/deprecated-decorator/-/deprecated-decorator-0.1.6.tgz#00966317b7a12fe92f3cc831f7583af329b86c37"
  integrity sha1-AJZjF7ehL+kvPMgx91g68ym4bDc=

ecc-jsbn@~0.1.1:
  version "0.1.2"
  resolved "http://10.0.0.202:9008/ecc-jsbn/-/ecc-jsbn-0.1.2.tgz#3a83a904e54353287874c564b7549386849a98c9"
  integrity sha1-OoOpBOVDUyh4dMVkt1SThoSamMk=
  dependencies:
    jsbn "~0.1.0"
    safer-buffer "^2.1.0"

eventemitter3@^3.1.0:
  version "3.1.2"
  resolved "http://10.0.0.202:9008/eventemitter3/-/eventemitter3-3.1.2.tgz#2d3d48f9c346698fce83a85d7d664e98535df6e7"
  integrity sha1-LT1I+cNGaY/Og6hdfWZOmFNd9uc=

extend@~3.0.2:
  version "3.0.2"
  resolved "http://10.0.0.202:9008/extend/-/extend-3.0.2.tgz#f8b1136b4071fbd8eb140aff858b1019ec2915fa"
  integrity sha1-+LETa0Bx+9jrFAr/hYsQGewpFfo=

extsprintf@1.3.0:
  version "1.3.0"
  resolved "http://10.0.0.202:9008/extsprintf/-/extsprintf-1.3.0.tgz#96918440e3041a7a414f8c52e3c574eb3c3e1e05"
  integrity sha1-lpGEQOMEGnpBT4xS48V06zw+HgU=

extsprintf@^1.2.0:
  version "1.4.0"
  resolved "http://10.0.0.202:9008/extsprintf/-/extsprintf-1.4.0.tgz#e2689f8f356fad62cca65a3a91c5df5f9551692f"
  integrity sha1-4mifjzVvrWLMplo6kcXfX5VRaS8=

fast-deep-equal@^2.0.1:
  version "2.0.1"
  resolved "http://10.0.0.202:9008/fast-deep-equal/-/fast-deep-equal-2.0.1.tgz#7b05218ddf9667bf7f370bf7fdb2cb15fdd0aa49"
  integrity sha1-ewUhjd+WZ79/Nwv3/bLLFf3Qqkk=

fast-glob@^3.1.0:
  version "3.1.1"
  resolved "http://10.0.0.202:9008/fast-glob/-/fast-glob-3.1.1.tgz#87ee30e9e9f3eb40d6f254a7997655da753d7c82"
  integrity sha1-h+4w6enz60DW8lSnmXZV2nU9fII=
  dependencies:
    "@nodelib/fs.stat" "^2.0.2"
    "@nodelib/fs.walk" "^1.2.3"
    glob-parent "^5.1.0"
    merge2 "^1.3.0"
    micromatch "^4.0.2"

fast-json-stable-stringify@^2.0.0:
  version "2.1.0"
  resolved "http://10.0.0.202:9008/fast-json-stable-stringify/-/fast-json-stable-stringify-2.1.0.tgz#874bf69c6f404c2b5d99c481341399fd55892633"
  integrity sha1-h0v2nG9ATCtdmcSBNBOZ/VWJJjM=

fastq@^1.6.0:
  version "1.6.0"
  resolved "http://10.0.0.202:9008/fastq/-/fastq-1.6.0.tgz#4ec8a38f4ac25f21492673adb7eae9cfef47d1c2"
  integrity sha1-Tsijj0rCXyFJJnOtt+rpz+9H0cI=
  dependencies:
    reusify "^1.0.0"

fill-range@^7.0.1:
  version "7.0.1"
  resolved "http://10.0.0.202:9008/fill-range/-/fill-range-7.0.1.tgz#1919a6a7c75fe38b2c7c77e5198535da9acdda40"
  integrity sha1-GRmmp8df44ssfHflGYU12prN2kA=
  dependencies:
    to-regex-range "^5.0.1"

forever-agent@~0.6.1:
  version "0.6.1"
  resolved "http://10.0.0.202:9008/forever-agent/-/forever-agent-0.6.1.tgz#fbc71f0c41adeb37f96c577ad1ed42d8fdacca91"
  integrity sha1-+8cfDEGt6zf5bFd60e1C2P2sypE=

form-data@~2.3.2:
  version "2.3.3"
  resolved "http://10.0.0.202:9008/form-data/-/form-data-2.3.3.tgz#dcce52c05f644f298c6a7ab936bd724ceffbf3a6"
  integrity sha1-3M5SwF9kTymManq5Nr1yTO/786Y=
  dependencies:
    asynckit "^0.4.0"
    combined-stream "^1.0.6"
    mime-types "^2.1.12"

fs-extra@^8.1.0:
  version "8.1.0"
  resolved "http://10.0.0.202:9008/fs-extra/-/fs-extra-8.1.0.tgz#49d43c45a88cd9677668cb7be1b46efdb8d2e1c0"
  integrity sha1-SdQ8RaiM2Wd2aMt74bRu/bjS4cA=
  dependencies:
    graceful-fs "^4.2.0"
    jsonfile "^4.0.0"
    universalify "^0.1.0"

getpass@^0.1.1:
  version "0.1.7"
  resolved "http://10.0.0.202:9008/getpass/-/getpass-0.1.7.tgz#5eff8e3e684d569ae4cb2b1282604e8ba62149fa"
  integrity sha1-Xv+OPmhNVprkyysSgmBOi6YhSfo=
  dependencies:
    assert-plus "^1.0.0"

glob-parent@^5.1.0:
  version "5.1.0"
  resolved "http://10.0.0.202:9008/glob-parent/-/glob-parent-5.1.0.tgz#5f4c1d1e748d30cd73ad2944b3577a81b081e8c2"
  integrity sha1-X0wdHnSNMM1zrSlEs1d6gbCB6MI=
  dependencies:
    is-glob "^4.0.1"

graceful-fs@^4.1.6, graceful-fs@^4.2.0:
  version "4.2.3"
  resolved "http://10.0.0.202:9008/graceful-fs/-/graceful-fs-4.2.3.tgz#4a12ff1b60376ef09862c2093edd908328be8423"
  integrity sha1-ShL/G2A3bvCYYsIJPt2Qgyi+hCM=

graphql-tools@^4.0.6:
  version "4.0.6"
  resolved "http://10.0.0.202:9008/graphql-tools/-/graphql-tools-4.0.6.tgz#0e729e73db05ade3df10a2f92511be544972a844"
  integrity sha1-DnKec9sFrePfEKL5JRG+VElyqEQ=
  dependencies:
    apollo-link "^1.2.3"
    apollo-utilities "^1.0.1"
    deprecated-decorator "^0.1.6"
    iterall "^1.1.3"
    uuid "^3.1.0"

graphql@^14.5.8:
  version "14.5.8"
  resolved "http://10.0.0.202:9008/graphql/-/graphql-14.5.8.tgz#504f3d3114cb9a0a3f359bbbcf38d9e5bf6a6b3c"
  integrity sha1-UE89MRTLmgo/NZu7zzjZ5b9qazw=
  dependencies:
    iterall "^1.2.2"

har-schema@^2.0.0:
  version "2.0.0"
  resolved "http://10.0.0.202:9008/har-schema/-/har-schema-2.0.0.tgz#a94c2224ebcac04782a0d9035521f24735b7ec92"
  integrity sha1-qUwiJOvKwEeCoNkDVSHyRzW37JI=

har-validator@~5.1.0:
  version "5.1.3"
  resolved "http://10.0.0.202:9008/har-validator/-/har-validator-5.1.3.tgz#1ef89ebd3e4996557675eed9893110dc350fa080"
  integrity sha1-HvievT5JllV2de7ZiTEQ3DUPoIA=
  dependencies:
    ajv "^6.5.5"
    har-schema "^2.0.0"

http-signature@~1.2.0:
  version "1.2.0"
  resolved "http://10.0.0.202:9008/http-signature/-/http-signature-1.2.0.tgz#9aecd925114772f3d95b65a60abb8f7c18fbace1"
  integrity sha1-muzZJRFHcvPZW2WmCruPfBj7rOE=
  dependencies:
    assert-plus "^1.0.0"
    jsprim "^1.2.2"
    sshpk "^1.7.0"

is-absolute@^1.0.0:
  version "1.0.0"
  resolved "http://10.0.0.202:9008/is-absolute/-/is-absolute-1.0.0.tgz#395e1ae84b11f26ad1795e73c17378e48a301576"
  integrity sha1-OV4a6EsR8mrReV5zwXN45IowFXY=
  dependencies:
    is-relative "^1.0.0"
    is-windows "^1.0.1"

is-extglob@^2.1.1:
  version "2.1.1"
  resolved "http://10.0.0.202:9008/is-extglob/-/is-extglob-2.1.1.tgz#a88c02535791f02ed37c76a1b9ea9773c833f8c2"
  integrity sha1-qIwCU1eR8C7TfHahueqXc8gz+MI=

is-glob@^4.0.1:
  version "4.0.1"
  resolved "http://10.0.0.202:9008/is-glob/-/is-glob-4.0.1.tgz#7567dbe9f2f5e2467bc77ab83c4a29482407a5dc"
  integrity sha1-dWfb6fL14kZ7x3q4PEopSCQHpdw=
  dependencies:
    is-extglob "^2.1.1"

is-negated-glob@^1.0.0:
  version "1.0.0"
  resolved "http://10.0.0.202:9008/is-negated-glob/-/is-negated-glob-1.0.0.tgz#6910bca5da8c95e784b5751b976cf5a10fee36d2"
  integrity sha1-aRC8pdqMleeEtXUbl2z1oQ/uNtI=

is-number@^7.0.0:
  version "7.0.0"
  resolved "http://10.0.0.202:9008/is-number/-/is-number-7.0.0.tgz#7535345b896734d5f80c4d06c50955527a14f12b"
  integrity sha1-dTU0W4lnNNX4DE0GxQlVUnoU8Ss=

is-relative@^1.0.0:
  version "1.0.0"
  resolved "http://10.0.0.202:9008/is-relative/-/is-relative-1.0.0.tgz#a1bb6935ce8c5dba1e8b9754b9b2dcc020e2260d"
  integrity sha1-obtpNc6MXboei5dUubLcwCDiJg0=
  dependencies:
    is-unc-path "^1.0.0"

is-typedarray@~1.0.0:
  version "1.0.0"
  resolved "http://10.0.0.202:9008/is-typedarray/-/is-typedarray-1.0.0.tgz#e479c80858df0c1b11ddda6940f96011fcda4a9a"
  integrity sha1-5HnICFjfDBsR3dppQPlgEfzaSpo=

is-unc-path@^1.0.0:
  version "1.0.0"
  resolved "http://10.0.0.202:9008/is-unc-path/-/is-unc-path-1.0.0.tgz#d731e8898ed090a12c352ad2eaed5095ad322c9d"
  integrity sha1-1zHoiY7QkKEsNSrS6u1Qla0yLJ0=
  dependencies:
    unc-path-regex "^0.1.2"

is-windows@^1.0.1:
  version "1.0.2"
  resolved "http://10.0.0.202:9008/is-windows/-/is-windows-1.0.2.tgz#d1850eb9791ecd18e6182ce12a30f396634bb19d"
  integrity sha1-0YUOuXkezRjmGCzhKjDzlmNLsZ0=

isstream@~0.1.2:
  version "0.1.2"
  resolved "http://10.0.0.202:9008/isstream/-/isstream-0.1.2.tgz#47e63f7af55afa6f92e1500e690eb8b8529c099a"
  integrity sha1-R+Y/evVa+m+S4VAOaQ64uFKcCZo=

iterall@^1.1.3, iterall@^1.2.1, iterall@^1.2.2:
  version "1.2.2"
  resolved "http://10.0.0.202:9008/iterall/-/iterall-1.2.2.tgz#92d70deb8028e0c39ff3164fdbf4d8b088130cd7"
  integrity sha1-ktcN64Ao4MOf8xZP2/TYsIgTDNc=

jsbn@~0.1.0:
  version "0.1.1"
  resolved "http://10.0.0.202:9008/jsbn/-/jsbn-0.1.1.tgz#a5e654c2e5a2deb5f201d96cefbca80c0ef2f513"
  integrity sha1-peZUwuWi3rXyAdls77yoDA7y9RM=

json-schema-traverse@^0.4.1:
  version "0.4.1"
  resolved "http://10.0.0.202:9008/json-schema-traverse/-/json-schema-traverse-0.4.1.tgz#69f6a87d9513ab8bb8fe63bdb0979c448e684660"
  integrity sha1-afaofZUTq4u4/mO9sJecRI5oRmA=

json-schema@0.2.3:
  version "0.2.3"
  resolved "http://10.0.0.202:9008/json-schema/-/json-schema-0.2.3.tgz#b480c892e59a2f05954ce727bd3f2a4e882f9e13"
  integrity sha1-tIDIkuWaLwWVTOcnvT8qTogvnhM=

json-stringify-safe@~5.0.1:
  version "5.0.1"
  resolved "http://10.0.0.202:9008/json-stringify-safe/-/json-stringify-safe-5.0.1.tgz#1296a2d58fd45f19a0f6ce01d65701e2c735b6eb"
  integrity sha1-Epai1Y/UXxmg9s4B1lcB4sc1tus=

jsonfile@^4.0.0:
  version "4.0.0"
  resolved "http://10.0.0.202:9008/jsonfile/-/jsonfile-4.0.0.tgz#8771aae0799b64076b76640fca058f9c10e33ecb"
  integrity sha1-h3Gq4HmbZAdrdmQPygWPnBDjPss=
  optionalDependencies:
    graceful-fs "^4.1.6"

jsprim@^1.2.2:
  version "1.4.1"
  resolved "http://10.0.0.202:9008/jsprim/-/jsprim-1.4.1.tgz#313e66bc1e5cc06e438bc1b7499c2e5c56acb6a2"
  integrity sha1-MT5mvB5cwG5Di8G3SZwuXFastqI=
  dependencies:
    assert-plus "1.0.0"
    extsprintf "1.3.0"
    json-schema "0.2.3"
    verror "1.10.0"

merge2@^1.3.0:
  version "1.3.0"
  resolved "http://10.0.0.202:9008/merge2/-/merge2-1.3.0.tgz#5b366ee83b2f1582c48f87e47cf1a9352103ca81"
  integrity sha1-WzZu6DsvFYLEj4fkfPGpNSEDyoE=

micromatch@^4.0.2:
  version "4.0.2"
  resolved "http://10.0.0.202:9008/micromatch/-/micromatch-4.0.2.tgz#4fcb0999bf9fbc2fcbdd212f6d629b9a56c39259"
  integrity sha1-T8sJmb+fvC/L3SEvbWKbmlbDklk=
  dependencies:
    braces "^3.0.1"
    picomatch "^2.0.5"

mime-db@1.42.0:
  version "1.42.0"
  resolved "http://10.0.0.202:9008/mime-db/-/mime-db-1.42.0.tgz#3e252907b4c7adb906597b4b65636272cf9e7bac"
  integrity sha1-PiUpB7THrbkGWXtLZWNics+ee6w=

mime-types@^2.1.12, mime-types@~2.1.19:
  version "2.1.25"
  resolved "http://10.0.0.202:9008/mime-types/-/mime-types-2.1.25.tgz#39772d46621f93e2a80a856c53b86a62156a6437"
  integrity sha1-OXctRmIfk+KoCoVsU7hqYhVqZDc=
  dependencies:
    mime-db "1.42.0"

minimatch@^3.0.4:
  version "3.0.4"
  resolved "http://10.0.0.202:9008/minimatch/-/minimatch-3.0.4.tgz#5166e286457f03306064be5497e8dbb0c3d32083"
  integrity sha1-UWbihkV/AzBgZL5Ul+jbsMPTIIM=
  dependencies:
    brace-expansion "^1.1.7"

multimatch@^4.0.0:
  version "4.0.0"
  resolved "http://10.0.0.202:9008/multimatch/-/multimatch-4.0.0.tgz#8c3c0f6e3e8449ada0af3dd29efb491a375191b3"
  integrity sha1-jDwPbj6ESa2grz3SnvtJGjdRkbM=
  dependencies:
    "@types/minimatch" "^3.0.3"
    array-differ "^3.0.0"
    array-union "^2.1.0"
    arrify "^2.0.1"
    minimatch "^3.0.4"

oauth-sign@~0.9.0:
  version "0.9.0"
  resolved "http://10.0.0.202:9008/oauth-sign/-/oauth-sign-0.9.0.tgz#47a7b016baa68b5fa0ecf3dee08a85c679ac6455"
  integrity sha1-R6ewFrqmi1+g7PPe4IqFxnmsZFU=

path-to-regexp@*, path-to-regexp@^6.1.0:
  version "6.1.0"
  resolved "http://10.0.0.202:9008/path-to-regexp/-/path-to-regexp-6.1.0.tgz#0b18f88b7a0ce0bfae6a25990c909ab86f512427"
  integrity sha1-Cxj4i3oM4L+uaiWZDJCauG9RJCc=

performance-now@^2.1.0:
  version "2.1.0"
  resolved "http://10.0.0.202:9008/performance-now/-/performance-now-2.1.0.tgz#6309f4e0e5fa913ec1c69307ae364b4b377c9e7b"
  integrity sha1-Ywn04OX6kT7BxpMHrjZLSzd8nns=

picomatch@^2.0.5:
  version "2.1.1"
  resolved "http://10.0.0.202:9008/picomatch/-/picomatch-2.1.1.tgz#ecdfbea7704adb5fe6fb47f9866c4c0e15e905c5"
  integrity sha1-7N++p3BK21/m+0f5hmxMDhXpBcU=

psl@^1.1.24:
  version "1.7.0"
  resolved "http://10.0.0.202:9008/psl/-/psl-1.7.0.tgz#f1c4c47a8ef97167dea5d6bbf4816d736e884a3c"
  integrity sha1-8cTEeo75cWfepda79IFtc26ISjw=

punycode@^1.4.1:
  version "1.4.1"
  resolved "http://10.0.0.202:9008/punycode/-/punycode-1.4.1.tgz#c0d5a63b2718800ad8e1eb0fa5269c84dd41845e"
  integrity sha1-wNWmOycYgArY4esPpSachN1BhF4=

punycode@^2.1.0:
  version "2.1.1"
  resolved "http://10.0.0.202:9008/punycode/-/punycode-2.1.1.tgz#b58b010ac40c22c5657616c8d2c2c02c7bf479ec"
  integrity sha1-tYsBCsQMIsVldhbI0sLALHv0eew=

qs@~6.5.2:
  version "6.5.2"
  resolved "http://10.0.0.202:9008/qs/-/qs-6.5.2.tgz#cb3ae806e8740444584ef154ce8ee98d403f3e36"
  integrity sha1-yzroBuh0BERYTvFUzo7pjUA/PjY=

query-string@^6.9.0:
  version "6.9.0"
  resolved "http://10.0.0.202:9008/query-string/-/query-string-6.9.0.tgz#1c3b727c370cf00f177c99f328fda2108f8fa3dd"
  integrity sha1-HDtyfDcM8A8XfJnzKP2iEI+Po90=
  dependencies:
    decode-uri-component "^0.2.0"
    split-on-first "^1.0.0"
    strict-uri-encode "^2.0.0"

reflect-metadata@^0.1.13:
  version "0.1.13"
  resolved "http://10.0.0.202:9008/reflect-metadata/-/reflect-metadata-0.1.13.tgz#67ae3ca57c972a2aa1642b10fe363fe32d49dc08"
  integrity sha1-Z648pXyXKiqhZCsQ/jY/4y1J3Ag=

request@^2.88.0:
  version "2.88.0"
  resolved "http://10.0.0.202:9008/request/-/request-2.88.0.tgz#9c2fca4f7d35b592efe57c7f0a55e81052124fef"
  integrity sha1-nC/KT301tZLv5Xx/ClXoEFIST+8=
  dependencies:
    aws-sign2 "~0.7.0"
    aws4 "^1.8.0"
    caseless "~0.12.0"
    combined-stream "~1.0.6"
    extend "~3.0.2"
    forever-agent "~0.6.1"
    form-data "~2.3.2"
    har-validator "~5.1.0"
    http-signature "~1.2.0"
    is-typedarray "~1.0.0"
    isstream "~0.1.2"
    json-stringify-safe "~5.0.1"
    mime-types "~2.1.19"
    oauth-sign "~0.9.0"
    performance-now "^2.1.0"
    qs "~6.5.2"
    safe-buffer "^5.1.2"
    tough-cookie "~2.4.3"
    tunnel-agent "^0.6.0"
    uuid "^3.3.2"

reusify@^1.0.0:
  version "1.0.4"
  resolved "http://10.0.0.202:9008/reusify/-/reusify-1.0.4.tgz#90da382b1e126efc02146e90845a88db12925d76"
  integrity sha1-kNo4Kx4SbvwCFG6QhFqI2xKSXXY=

run-parallel@^1.1.9:
  version "1.1.9"
  resolved "http://10.0.0.202:9008/run-parallel/-/run-parallel-1.1.9.tgz#c9dd3a7cf9f4b2c4b6244e173a6ed866e61dd679"
  integrity sha1-yd06fPn0ssS2JE4XOm7YZuYd1nk=

rxjs@^6.5.3:
  version "6.5.4"
  resolved "http://10.0.0.202:9008/rxjs/-/rxjs-6.5.4.tgz#e0777fe0d184cec7872df147f303572d414e211c"
  integrity sha1-4Hd/4NGEzseHLfFH8wNXLUFOIRw=
  dependencies:
    tslib "^1.9.0"

safe-buffer@^5.0.1, safe-buffer@^5.1.2:
  version "5.2.0"
  resolved "http://10.0.0.202:9008/safe-buffer/-/safe-buffer-5.2.0.tgz#b74daec49b1148f88c64b68d49b1e815c1f2f519"
  integrity sha1-t02uxJsRSPiMZLaNSbHoFcHy9Rk=

safer-buffer@^2.0.2, safer-buffer@^2.1.0, safer-buffer@~2.1.0:
  version "2.1.2"
  resolved "http://10.0.0.202:9008/safer-buffer/-/safer-buffer-2.1.2.tgz#44fa161b0187b9549dd84bb91802f9bd8385cd6a"
  integrity sha1-RPoWGwGHuVSd2Eu5GAL5vYOFzWo=

split-on-first@^1.0.0:
  version "1.1.0"
  resolved "http://10.0.0.202:9008/split-on-first/-/split-on-first-1.1.0.tgz#f610afeee3b12bce1d0c30425e76398b78249a5f"
  integrity sha1-9hCv7uOxK84dDDBCXnY5i3gkml8=

sshpk@^1.7.0:
  version "1.16.1"
  resolved "http://10.0.0.202:9008/sshpk/-/sshpk-1.16.1.tgz#fb661c0bef29b39db40769ee39fa70093d6f6877"
  integrity sha1-+2YcC+8ps520B2nuOfpwCT1vaHc=
  dependencies:
    asn1 "~0.2.3"
    assert-plus "^1.0.0"
    bcrypt-pbkdf "^1.0.0"
    dashdash "^1.12.0"
    ecc-jsbn "~0.1.1"
    getpass "^0.1.1"
    jsbn "~0.1.0"
    safer-buffer "^2.0.2"
    tweetnacl "~0.14.0"

strict-uri-encode@^2.0.0:
  version "2.0.0"
  resolved "http://10.0.0.202:9008/strict-uri-encode/-/strict-uri-encode-2.0.0.tgz#b9c7330c7042862f6b142dc274bbcc5866ce3546"
  integrity sha1-ucczDHBChi9rFC3CdLvMWGbONUY=

subscriptions-transport-ws@^0.9.16:
  version "0.9.16"
  resolved "http://10.0.0.202:9008/subscriptions-transport-ws/-/subscriptions-transport-ws-0.9.16.tgz#90a422f0771d9c32069294c08608af2d47f596ec"
  integrity sha1-kKQi8HcdnDIGkpTAhgivLUf1luw=
  dependencies:
    backo2 "^1.0.2"
    eventemitter3 "^3.1.0"
    iterall "^1.2.1"
    symbol-observable "^1.0.4"
    ws "^5.2.0"

symbol-observable@^1.0.4:
  version "1.2.0"
  resolved "http://10.0.0.202:9008/symbol-observable/-/symbol-observable-1.2.0.tgz#c22688aed4eab3cdc2dfeacbb561660560a00804"
  integrity sha1-wiaIrtTqs83C3+rLtWFmBWCgCAQ=

to-regex-range@^5.0.1:
  version "5.0.1"
  resolved "http://10.0.0.202:9008/to-regex-range/-/to-regex-range-5.0.1.tgz#1648c44aae7c8d988a326018ed72f5b4dd0392e4"
  integrity sha1-FkjESq58jZiKMmAY7XL1tN0DkuQ=
  dependencies:
    is-number "^7.0.0"

tough-cookie@~2.4.3:
  version "2.4.3"
  resolved "http://10.0.0.202:9008/tough-cookie/-/tough-cookie-2.4.3.tgz#53f36da3f47783b0925afa06ff9f3b165280f781"
  integrity sha1-U/Nto/R3g7CSWvoG/587FlKA94E=
  dependencies:
    psl "^1.1.24"
    punycode "^1.4.1"

ts-invariant@^0.4.0:
  version "0.4.4"
  resolved "http://10.0.0.202:9008/ts-invariant/-/ts-invariant-0.4.4.tgz#97a523518688f93aafad01b0e80eb803eb2abd86"
  integrity sha1-l6UjUYaI+TqvrQGw6A64A+sqvYY=
  dependencies:
    tslib "^1.9.3"

ts-morph@^6.0.2:
  version "6.0.2"
  resolved "http://10.0.0.202:9008/ts-morph/-/ts-morph-6.0.2.tgz#706ea79d1e604837150a885098287bd9d65c4660"
  integrity sha1-cG6nnR5gSDcVCohQmCh72dZcRmA=
  dependencies:
    "@dsherret/to-absolute-glob" "^2.0.2"
    "@ts-morph/common" "~0.2.2"
    code-block-writer "^10.1.0"

tslib@^1.10.0, tslib@^1.9.0, tslib@^1.9.3:
  version "1.10.0"
  resolved "http://10.0.0.202:9008/tslib/-/tslib-1.10.0.tgz#c3c19f95973fb0a62973fb09d90d961ee43e5c8a"
  integrity sha1-w8GflZc/sKYpc/sJ2Q2WHuQ+XIo=

tunnel-agent@^0.6.0:
  version "0.6.0"
  resolved "http://10.0.0.202:9008/tunnel-agent/-/tunnel-agent-0.6.0.tgz#27a5dea06b36b04a0a9966774b290868f0fc40fd"
  integrity sha1-J6XeoGs2sEoKmWZ3SykIaPD8QP0=
  dependencies:
    safe-buffer "^5.0.1"

tweetnacl@^0.14.3, tweetnacl@~0.14.0:
  version "0.14.5"
  resolved "http://10.0.0.202:9008/tweetnacl/-/tweetnacl-0.14.5.tgz#5ae68177f192d4456269d108afa93ff8743f4f64"
  integrity sha1-WuaBd/GS1EViadEIr6k/+HQ/T2Q=

typescript@^3.7.3, typescript@~3.7.2:
  version "3.7.4"
  resolved "http://10.0.0.202:9008/typescript/-/typescript-3.7.4.tgz#1743a5ec5fef6a1fa9f3e4708e33c81c73876c19"
  integrity sha1-F0Ol7F/vah+p8+RwjjPIHHOHbBk=

unc-path-regex@^0.1.2:
  version "0.1.2"
  resolved "http://10.0.0.202:9008/unc-path-regex/-/unc-path-regex-0.1.2.tgz#e73dd3d7b0d7c5ed86fbac6b0ae7d8c6a69d50fa"
  integrity sha1-5z3T17DXxe2G+6xrCufYxqadUPo=

universalify@^0.1.0:
  version "0.1.2"
  resolved "http://10.0.0.202:9008/universalify/-/universalify-0.1.2.tgz#b646f69be3942dabcecc9d6639c80dc105efaa66"
  integrity sha1-tkb2m+OULavOzJ1mOcgNwQXvqmY=

uri-js@^4.2.2:
  version "4.2.2"
  resolved "http://10.0.0.202:9008/uri-js/-/uri-js-4.2.2.tgz#94c540e1ff772956e2299507c010aea6c8838eb0"
  integrity sha1-lMVA4f93KVbiKZUHwBCupsiDjrA=
  dependencies:
    punycode "^2.1.0"

uuid@^3.1.0, uuid@^3.3.2:
  version "3.3.3"
  resolved "http://10.0.0.202:9008/uuid/-/uuid-3.3.3.tgz#4568f0216e78760ee1dbf3a4d2cf53e224112866"
  integrity sha1-RWjwIW54dg7h2/Ok0s9T4iQRKGY=

verror@1.10.0:
  version "1.10.0"
  resolved "http://10.0.0.202:9008/verror/-/verror-1.10.0.tgz#3a105ca17053af55d6e270c1f8288682e18da400"
  integrity sha1-OhBcoXBTr1XW4nDB+CiGguGNpAA=
  dependencies:
    assert-plus "^1.0.0"
    core-util-is "1.0.2"
    extsprintf "^1.2.0"

ws@^5.2.0:
  version "5.2.2"
  resolved "http://10.0.0.202:9008/ws/-/ws-5.2.2.tgz#dffef14866b8e8dc9133582514d1befaf96e980f"
  integrity sha1-3/7xSGa46NyRM1glFNG++vlumA8=
  dependencies:
    async-limiter "~1.0.0"

ws@^7.2.1:
  version "7.2.1"
  resolved "http://10.0.0.202:9008/ws/-/ws-7.2.1.tgz#03ed52423cd744084b2cf42ed197c8b65a936b8e"
  integrity sha1-A+1SQjzXRAhLLPQu0ZfItlqTa44=

zen-observable-ts@^0.8.20:
  version "0.8.20"
  resolved "http://10.0.0.202:9008/zen-observable-ts/-/zen-observable-ts-0.8.20.tgz#44091e335d3fcbc97f6497e63e7f57d5b516b163"
  integrity sha1-RAkeM10/y8l/ZJfmPn9X1bUWsWM=
  dependencies:
    tslib "^1.9.3"
    zen-observable "^0.8.0"

zen-observable@^0.8.0:
  version "0.8.15"
  resolved "http://10.0.0.202:9008/zen-observable/-/zen-observable-0.8.15.tgz#96415c512d8e3ffd920afd3889604e30b9eaac15"
  integrity sha1-lkFcUS2OP/2SCv04iWBOMLnqrBU=
