# THIS IS AN AUTOGENERATED FILE. DO NOT EDIT THIS FILE DIRECTLY.
# yarn lockfile v1


"@apollo/federation@^0.11.2":
  version "0.11.2"
  resolved "https://registry.yarnpkg.com/@apollo/federation/-/federation-0.11.2.tgz#85f1bb87add88ee4d395b80402d09c59abd48a9c"
  integrity sha512-MSMBGOS9lAE0K4VmV/3mkd2qfLQTGt2OcsryRNbGMXr9gUVZDtM9quD5JUQoENkz9YFwcOY9jI+i/X5J+Fcw6A==
  dependencies:
    apollo-graphql "^0.3.4"
    apollo-server-env "^2.4.3"
    core-js "^3.4.0"
    lodash.xorby "^4.7.0"

"@dsherret/to-absolute-glob@^2.0.2":
  version "2.0.2"
  resolved "http://10.0.0.202:9008/@dsherret%2fto-absolute-glob/-/to-absolute-glob-2.0.2.tgz#1f6475dc8bd974cea07a2daf3864b317b1dd332c"
  integrity sha1-H2R13IvZdM6gei2vOGSzF7HdMyw=
  dependencies:
    is-absolute "^1.0.0"
    is-negated-glob "^1.0.0"

"@nger/ast.graphql@^1.1.2":
  version "1.1.2"
  resolved "http://10.0.0.202:9008/@nger%2fast.graphql/-/ast.graphql-1.1.2.tgz#6b001fc0a19e2794c1e578c66dd56e1bab633632"
  integrity sha1-awAfwKGeJ5TB5XjGbdVuG6tjNjI=
  dependencies:
    "@nger/decorator" "^1.1.12"
    "@nger/plain" "^1.1.3"
    typescript "^3.7.3"

"@nger/ast.ts-graphql@^1.1.16":
  version "1.1.16"
  resolved "https://registry.yarnpkg.com/@nger/ast.ts-graphql/-/ast.ts-graphql-1.1.16.tgz#c581a0663a69d3a242b9ea11a524a8e97a10554d"
  integrity sha512-pgTAH3MnEdSeTypUDist6L9Y6fM2S6njEJBQz8g8q815O21jZ05Qx+8Ft17Mq6ZESotPVcncUyS0Ar5iPjvGKQ==
  dependencies:
    "@nger/ast.graphql" "^1.1.2"
    "@nger/ast.tsc" "^1.1.3"
    "@nger/plain" "^1.1.6"

"@nger/ast.tsc@^1.1.3":
  version "1.1.3"
  resolved "http://10.0.0.202:9008/@nger%2fast.tsc/-/ast.tsc-1.1.3.tgz#de2df2d53f6f395bf61f41d4d5741e3cdcc969ea"
  integrity sha1-3i3y1T9vOVv2H0HU1XQePNzJaeo=
  dependencies:
    "@nger/plain" "^1.1.3"
    ts-morph "^6.0.2"

"@nger/core@^1.9.21":
  version "1.9.21"
  resolved "https://registry.yarnpkg.com/@nger/core/-/core-1.9.21.tgz#78d16dce53c133ba3ad993ad8f6136c4251270db"
  integrity sha512-xX28avaHEz5PUp9Oi7vsOGjHv+ycJGCX4QG+eqh96IfwvuS3Rg5FGwmr23LjCVvQ9D0f/Vr9aes7rxgWW7WktQ==
  dependencies:
    "@nger/di" "^1.5.53"
    rxjs "^6.5.3"

"@nger/decorator@^1.1.12", "@nger/decorator@^1.1.13":
  version "1.1.13"
  resolved "http://10.0.0.202:9008/@nger%2fdecorator/-/decorator-1.1.13.tgz#35d554dce87ee65ac8b4fc250019679b78fc7d67"
  integrity sha512-O7S2nsQzZeONl4cSSUPy70MuCRolyJnDqMRIXSuGDec2m827AHbY2dzKwws2IPnci1To5zn5eduPYrwPVYtahg==
  dependencies:
    reflect-metadata "^0.1.13"

"@nger/di@^1.5.53":
  version "1.5.53"
  resolved "http://10.0.0.202:9008/@nger%2fdi/-/di-1.5.53.tgz#e8ab89090371077445ac9563ebe16d1f4a7286b4"
  integrity sha512-CyjLTen9EyPMkJbq/0jxBL8mRGjiIkdivmfE4IJdwVnLjMC9pIwkTnBRzipLAmZGKZMiMFwkdtt720vSTUkSwg==
  dependencies:
    "@nger/decorator" "^1.1.12"

"@nger/plain@^1.1.3", "@nger/plain@^1.1.6":
  version "1.1.6"
  resolved "http://10.0.0.202:9008/@nger%2fplain/-/plain-1.1.6.tgz#39e13607bded8b190c0bdf66bcf070ea6ff52637"
  integrity sha512-GbcOqmIIrIH3lDHd7qMlY2K1ZU3T/k8SU/gbJ6723fZmhPhoNbc7n24MKFubYJ2gqDo6pj6mR/6+0/JWMg+p5w==
  dependencies:
    "@nger/decorator" "^1.1.13"

"@nodelib/fs.scandir@2.1.3":
  version "2.1.3"
  resolved "http://10.0.0.202:9008/@nodelib%2ffs.scandir/-/fs.scandir-2.1.3.tgz#3a582bdb53804c6ba6d146579c46e52130cf4a3b"
  integrity sha1-Olgr21OATGum0UZXnEblITDPSjs=
  dependencies:
    "@nodelib/fs.stat" "2.0.3"
    run-parallel "^1.1.9"

"@nodelib/fs.stat@2.0.3", "@nodelib/fs.stat@^2.0.2":
  version "2.0.3"
  resolved "http://10.0.0.202:9008/@nodelib%2ffs.stat/-/fs.stat-2.0.3.tgz#34dc5f4cabbc720f4e60f75a747e7ecd6c175bd3"
  integrity sha1-NNxfTKu8cg9OYPdadH5+zWwXW9M=

"@nodelib/fs.walk@^1.2.3":
  version "1.2.4"
  resolved "http://10.0.0.202:9008/@nodelib%2ffs.walk/-/fs.walk-1.2.4.tgz#011b9202a70a6366e436ca5c065844528ab04976"
  integrity sha1-ARuSAqcKY2bkNspcBlhEUoqwSXY=
  dependencies:
    "@nodelib/fs.scandir" "2.1.3"
    fastq "^1.6.0"

"@ts-morph/common@~0.2.2":
  version "0.2.2"
  resolved "http://10.0.0.202:9008/@ts-morph%2fcommon/-/common-0.2.2.tgz#75803343bd1d3f96d68dddbbc9a9c666165a2b99"
  integrity sha1-dYAzQ70dP5bWjd27yanGZhZaK5k=
  dependencies:
    "@dsherret/to-absolute-glob" "^2.0.2"
    fast-glob "^3.1.0"
    fs-extra "^8.1.0"
    is-negated-glob "^1.0.0"
    multimatch "^4.0.0"
    typescript "~3.7.2"

"@types/minimatch@^3.0.3":
  version "3.0.3"
  resolved "http://10.0.0.202:9008/@types%2fminimatch/-/minimatch-3.0.3.tgz#3dca0e3f33b200fc7d1139c0cd96c1268cadfd9d"
  integrity sha1-PcoOPzOyAPx9ETnAzZbBJoyt/Z0=

apollo-env@^0.6.0:
  version "0.6.0"
  resolved "https://registry.yarnpkg.com/apollo-env/-/apollo-env-0.6.0.tgz#124c2ab6bac0a9c6761aa7c1f036964fd282b3ac"
  integrity sha512-DttHOpLISRej8STjbXjQCXq3YeE2pATaC4UEd2YE7TjjYhQmp9yxohlkHfSR78BvPzczhyDs6WQQEzasHv0M0A==
  dependencies:
    core-js "^3.0.1"
    node-fetch "^2.2.0"
    sha.js "^2.4.11"

apollo-graphql@^0.3.4:
  version "0.3.6"
  resolved "https://registry.yarnpkg.com/apollo-graphql/-/apollo-graphql-0.3.6.tgz#c30e503c1f5ff478953e48b6267d4bb9c093e27a"
  integrity sha512-PUBfW6t20U4CgPODTZB+3Z1Z+qhca8SNEHMPreiw+qEjXwEJF7SZItOIAs93HO0mA2K7eiZjCtZQZknaaQRZNA==
  dependencies:
    apollo-env "^0.6.0"
    lodash.sortby "^4.7.0"

apollo-server-env@^2.4.3:
  version "2.4.3"
  resolved "https://registry.yarnpkg.com/apollo-server-env/-/apollo-server-env-2.4.3.tgz#9bceedaae07eafb96becdfd478f8d92617d825d2"
  integrity sha512-23R5Xo9OMYX0iyTu2/qT0EUb+AULCBriA9w8HDfMoChB8M+lFClqUkYtaTTHDfp6eoARLW8kDBhPOBavsvKAjA==
  dependencies:
    node-fetch "^2.1.2"
    util.promisify "^1.0.0"

array-differ@^3.0.0:
  version "3.0.0"
  resolved "http://10.0.0.202:9008/array-differ/-/array-differ-3.0.0.tgz#3cbb3d0f316810eafcc47624734237d6aee4ae6b"
  integrity sha1-PLs9DzFoEOr8xHYkc0I31q7krms=

array-union@^2.1.0:
  version "2.1.0"
  resolved "http://10.0.0.202:9008/array-union/-/array-union-2.1.0.tgz#b798420adbeb1de828d84acd8a2e23d3efe85e8d"
  integrity sha1-t5hCCtvrHego2ErNii4j0+/oXo0=

arrify@^2.0.1:
  version "2.0.1"
  resolved "http://10.0.0.202:9008/arrify/-/arrify-2.0.1.tgz#c9655e9331e0abcd588d2a7cad7e9956f66701fa"
  integrity sha1-yWVekzHgq81YjSp8rX6ZVvZnAfo=

balanced-match@^1.0.0:
  version "1.0.0"
  resolved "http://10.0.0.202:9008/balanced-match/-/balanced-match-1.0.0.tgz#89b4d199ab2bee49de164ea02b89ce462d71b767"
  integrity sha1-ibTRmasr7kneFk6gK4nORi1xt2c=

brace-expansion@^1.1.7:
  version "1.1.11"
  resolved "http://10.0.0.202:9008/brace-expansion/-/brace-expansion-1.1.11.tgz#3c7fcbf529d87226f3d2f52b966ff5271eb441dd"
  integrity sha1-PH/L9SnYcibz0vUrlm/1Jx60Qd0=
  dependencies:
    balanced-match "^1.0.0"
    concat-map "0.0.1"

braces@^3.0.1:
  version "3.0.2"
  resolved "http://10.0.0.202:9008/braces/-/braces-3.0.2.tgz#3454e1a462ee8d599e236df336cd9ea4f8afe107"
  integrity sha1-NFThpGLujVmeI23zNs2epPiv4Qc=
  dependencies:
    fill-range "^7.0.1"

code-block-writer@^10.1.0:
  version "10.1.0"
  resolved "http://10.0.0.202:9008/code-block-writer/-/code-block-writer-10.1.0.tgz#54fc410ebef2af836d9c2314ac40af7d7b37eee9"
  integrity sha1-VPxBDr7yr4NtnCMUrECvfXs37uk=

concat-map@0.0.1:
  version "0.0.1"
  resolved "http://10.0.0.202:9008/concat-map/-/concat-map-0.0.1.tgz#d8a96bd77fd68df7793a73036a3ba0d5405d477b"
  integrity sha1-2Klr13/Wjfd5OnMDajug1UBdR3s=

core-js@^3.0.1, core-js@^3.4.0:
  version "3.6.1"
  resolved "https://registry.yarnpkg.com/core-js/-/core-js-3.6.1.tgz#39d5e2e346258cc01eb7d44345b1c3c014ca3f05"
  integrity sha512-186WjSik2iTGfDjfdCZAxv2ormxtKgemjC3SI6PL31qOA0j5LhTDVjHChccoc7brwLvpvLPiMyRlcO88C4l1QQ==

define-properties@^1.1.2, define-properties@^1.1.3:
  version "1.1.3"
  resolved "https://registry.yarnpkg.com/define-properties/-/define-properties-1.1.3.tgz#cf88da6cbee26fe6db7094f61d870cbd84cee9f1"
  integrity sha512-3MqfYKj2lLzdMSf8ZIZE/V+Zuy+BgD6f164e8K2w7dgnpKArBDerGYpM46IYYcjnkdPNMjPk9A6VFB8+3SKlXQ==
  dependencies:
    object-keys "^1.0.12"

es-abstract@^1.17.0-next.1:
  version "1.17.0"
  resolved "https://registry.yarnpkg.com/es-abstract/-/es-abstract-1.17.0.tgz#f42a517d0036a5591dbb2c463591dc8bb50309b1"
  integrity sha512-yYkE07YF+6SIBmg1MsJ9dlub5L48Ek7X0qz+c/CPCHS9EBXfESorzng4cJQjJW5/pB6vDF41u7F8vUhLVDqIug==
  dependencies:
    es-to-primitive "^1.2.1"
    function-bind "^1.1.1"
    has "^1.0.3"
    has-symbols "^1.0.1"
    is-callable "^1.1.5"
    is-regex "^1.0.5"
    object-inspect "^1.7.0"
    object-keys "^1.1.1"
    object.assign "^4.1.0"
    string.prototype.trimleft "^2.1.1"
    string.prototype.trimright "^2.1.1"

es-to-primitive@^1.2.1:
  version "1.2.1"
  resolved "https://registry.yarnpkg.com/es-to-primitive/-/es-to-primitive-1.2.1.tgz#e55cd4c9cdc188bcefb03b366c736323fc5c898a"
  integrity sha512-QCOllgZJtaUo9miYBcLChTUaHNjJF3PYs1VidD7AwiEj1kYxKeQTctLAezAOH5ZKRH0g2IgPn6KwB4IT8iRpvA==
  dependencies:
    is-callable "^1.1.4"
    is-date-object "^1.0.1"
    is-symbol "^1.0.2"

fast-glob@^3.1.0:
  version "3.1.1"
  resolved "http://10.0.0.202:9008/fast-glob/-/fast-glob-3.1.1.tgz#87ee30e9e9f3eb40d6f254a7997655da753d7c82"
  integrity sha1-h+4w6enz60DW8lSnmXZV2nU9fII=
  dependencies:
    "@nodelib/fs.stat" "^2.0.2"
    "@nodelib/fs.walk" "^1.2.3"
    glob-parent "^5.1.0"
    merge2 "^1.3.0"
    micromatch "^4.0.2"

fastq@^1.6.0:
  version "1.6.0"
  resolved "http://10.0.0.202:9008/fastq/-/fastq-1.6.0.tgz#4ec8a38f4ac25f21492673adb7eae9cfef47d1c2"
  integrity sha1-Tsijj0rCXyFJJnOtt+rpz+9H0cI=
  dependencies:
    reusify "^1.0.0"

fill-range@^7.0.1:
  version "7.0.1"
  resolved "http://10.0.0.202:9008/fill-range/-/fill-range-7.0.1.tgz#1919a6a7c75fe38b2c7c77e5198535da9acdda40"
  integrity sha1-GRmmp8df44ssfHflGYU12prN2kA=
  dependencies:
    to-regex-range "^5.0.1"

fs-extra@^8.1.0:
  version "8.1.0"
  resolved "http://10.0.0.202:9008/fs-extra/-/fs-extra-8.1.0.tgz#49d43c45a88cd9677668cb7be1b46efdb8d2e1c0"
  integrity sha1-SdQ8RaiM2Wd2aMt74bRu/bjS4cA=
  dependencies:
    graceful-fs "^4.2.0"
    jsonfile "^4.0.0"
    universalify "^0.1.0"

function-bind@^1.1.1:
  version "1.1.1"
  resolved "https://registry.yarnpkg.com/function-bind/-/function-bind-1.1.1.tgz#a56899d3ea3c9bab874bb9773b7c5ede92f4895d"
  integrity sha512-yIovAzMX49sF8Yl58fSCWJ5svSLuaibPxXQJFLmBObTuCr0Mf1KiPopGM9NiFjiYBCbfaa2Fh6breQ6ANVTI0A==

glob-parent@^5.1.0:
  version "5.1.0"
  resolved "http://10.0.0.202:9008/glob-parent/-/glob-parent-5.1.0.tgz#5f4c1d1e748d30cd73ad2944b3577a81b081e8c2"
  integrity sha1-X0wdHnSNMM1zrSlEs1d6gbCB6MI=
  dependencies:
    is-glob "^4.0.1"

graceful-fs@^4.1.6, graceful-fs@^4.2.0:
  version "4.2.3"
  resolved "http://10.0.0.202:9008/graceful-fs/-/graceful-fs-4.2.3.tgz#4a12ff1b60376ef09862c2093edd908328be8423"
  integrity sha1-ShL/G2A3bvCYYsIJPt2Qgyi+hCM=

graphql@^14.5.8:
  version "14.5.8"
  resolved "http://10.0.0.202:9008/graphql/-/graphql-14.5.8.tgz#504f3d3114cb9a0a3f359bbbcf38d9e5bf6a6b3c"
  integrity sha1-UE89MRTLmgo/NZu7zzjZ5b9qazw=
  dependencies:
    iterall "^1.2.2"

has-symbols@^1.0.0, has-symbols@^1.0.1:
  version "1.0.1"
  resolved "https://registry.yarnpkg.com/has-symbols/-/has-symbols-1.0.1.tgz#9f5214758a44196c406d9bd76cebf81ec2dd31e8"
  integrity sha512-PLcsoqu++dmEIZB+6totNFKq/7Do+Z0u4oT0zKOJNl3lYK6vGwwu2hjHs+68OEZbTjiUE9bgOABXbP/GvrS0Kg==

has@^1.0.3:
  version "1.0.3"
  resolved "https://registry.yarnpkg.com/has/-/has-1.0.3.tgz#722d7cbfc1f6aa8241f16dd814e011e1f41e8796"
  integrity sha512-f2dvO0VU6Oej7RkWJGrehjbzMAjFp5/VKPp5tTpWIV4JHHZK1/BxbFRtf/siA2SWTe09caDmVtYYzWEIbBS4zw==
  dependencies:
    function-bind "^1.1.1"

inherits@^2.0.1:
  version "2.0.4"
  resolved "https://registry.yarnpkg.com/inherits/-/inherits-2.0.4.tgz#0fa2c64f932917c3433a0ded55363aae37416b7c"
  integrity sha512-k/vGaX4/Yla3WzyMCvTQOXYeIHvqOKtnqBduzTHpzpQZzAskKMhZ2K+EnBiSM9zGSoIFeMpXKxa4dYeZIQqewQ==

is-absolute@^1.0.0:
  version "1.0.0"
  resolved "http://10.0.0.202:9008/is-absolute/-/is-absolute-1.0.0.tgz#395e1ae84b11f26ad1795e73c17378e48a301576"
  integrity sha1-OV4a6EsR8mrReV5zwXN45IowFXY=
  dependencies:
    is-relative "^1.0.0"
    is-windows "^1.0.1"

is-callable@^1.1.4, is-callable@^1.1.5:
  version "1.1.5"
  resolved "https://registry.yarnpkg.com/is-callable/-/is-callable-1.1.5.tgz#f7e46b596890456db74e7f6e976cb3273d06faab"
  integrity sha512-ESKv5sMCJB2jnHTWZ3O5itG+O128Hsus4K4Qh1h2/cgn2vbgnLSVqfV46AeJA9D5EeeLa9w81KUXMtn34zhX+Q==

is-date-object@^1.0.1:
  version "1.0.2"
  resolved "https://registry.yarnpkg.com/is-date-object/-/is-date-object-1.0.2.tgz#bda736f2cd8fd06d32844e7743bfa7494c3bfd7e"
  integrity sha512-USlDT524woQ08aoZFzh3/Z6ch9Y/EWXEHQ/AaRN0SkKq4t2Jw2R2339tSXmwuVoY7LLlBCbOIlx2myP/L5zk0g==

is-extglob@^2.1.1:
  version "2.1.1"
  resolved "http://10.0.0.202:9008/is-extglob/-/is-extglob-2.1.1.tgz#a88c02535791f02ed37c76a1b9ea9773c833f8c2"
  integrity sha1-qIwCU1eR8C7TfHahueqXc8gz+MI=

is-glob@^4.0.1:
  version "4.0.1"
  resolved "http://10.0.0.202:9008/is-glob/-/is-glob-4.0.1.tgz#7567dbe9f2f5e2467bc77ab83c4a29482407a5dc"
  integrity sha1-dWfb6fL14kZ7x3q4PEopSCQHpdw=
  dependencies:
    is-extglob "^2.1.1"

is-negated-glob@^1.0.0:
  version "1.0.0"
  resolved "http://10.0.0.202:9008/is-negated-glob/-/is-negated-glob-1.0.0.tgz#6910bca5da8c95e784b5751b976cf5a10fee36d2"
  integrity sha1-aRC8pdqMleeEtXUbl2z1oQ/uNtI=

is-number@^7.0.0:
  version "7.0.0"
  resolved "http://10.0.0.202:9008/is-number/-/is-number-7.0.0.tgz#7535345b896734d5f80c4d06c50955527a14f12b"
  integrity sha1-dTU0W4lnNNX4DE0GxQlVUnoU8Ss=

is-regex@^1.0.5:
  version "1.0.5"
  resolved "https://registry.yarnpkg.com/is-regex/-/is-regex-1.0.5.tgz#39d589a358bf18967f726967120b8fc1aed74eae"
  integrity sha512-vlKW17SNq44owv5AQR3Cq0bQPEb8+kF3UKZ2fiZNOWtztYE5i0CzCZxFDwO58qAOWtxdBRVO/V5Qin1wjCqFYQ==
  dependencies:
    has "^1.0.3"

is-relative@^1.0.0:
  version "1.0.0"
  resolved "http://10.0.0.202:9008/is-relative/-/is-relative-1.0.0.tgz#a1bb6935ce8c5dba1e8b9754b9b2dcc020e2260d"
  integrity sha1-obtpNc6MXboei5dUubLcwCDiJg0=
  dependencies:
    is-unc-path "^1.0.0"

is-symbol@^1.0.2:
  version "1.0.3"
  resolved "https://registry.yarnpkg.com/is-symbol/-/is-symbol-1.0.3.tgz#38e1014b9e6329be0de9d24a414fd7441ec61937"
  integrity sha512-OwijhaRSgqvhm/0ZdAcXNZt9lYdKFpcRDT5ULUuYXPoT794UNOdU+gpT6Rzo7b4V2HUl/op6GqY894AZwv9faQ==
  dependencies:
    has-symbols "^1.0.1"

is-unc-path@^1.0.0:
  version "1.0.0"
  resolved "http://10.0.0.202:9008/is-unc-path/-/is-unc-path-1.0.0.tgz#d731e8898ed090a12c352ad2eaed5095ad322c9d"
  integrity sha1-1zHoiY7QkKEsNSrS6u1Qla0yLJ0=
  dependencies:
    unc-path-regex "^0.1.2"

is-windows@^1.0.1:
  version "1.0.2"
  resolved "http://10.0.0.202:9008/is-windows/-/is-windows-1.0.2.tgz#d1850eb9791ecd18e6182ce12a30f396634bb19d"
  integrity sha1-0YUOuXkezRjmGCzhKjDzlmNLsZ0=

iterall@^1.2.2:
  version "1.2.2"
  resolved "http://10.0.0.202:9008/iterall/-/iterall-1.2.2.tgz#92d70deb8028e0c39ff3164fdbf4d8b088130cd7"
  integrity sha1-ktcN64Ao4MOf8xZP2/TYsIgTDNc=

jsonfile@^4.0.0:
  version "4.0.0"
  resolved "http://10.0.0.202:9008/jsonfile/-/jsonfile-4.0.0.tgz#8771aae0799b64076b76640fca058f9c10e33ecb"
  integrity sha1-h3Gq4HmbZAdrdmQPygWPnBDjPss=
  optionalDependencies:
    graceful-fs "^4.1.6"

lodash.sortby@^4.7.0:
  version "4.7.0"
  resolved "https://registry.yarnpkg.com/lodash.sortby/-/lodash.sortby-4.7.0.tgz#edd14c824e2cc9c1e0b0a1b42bb5210516a42438"
  integrity sha1-7dFMgk4sycHgsKG0K7UhBRakJDg=

lodash.xorby@^4.7.0:
  version "4.7.0"
  resolved "https://registry.yarnpkg.com/lodash.xorby/-/lodash.xorby-4.7.0.tgz#9c19a6f9f063a6eb53dd03c1b6871799801463d7"
  integrity sha1-nBmm+fBjputT3QPBtocXmYAUY9c=

merge2@^1.3.0:
  version "1.3.0"
  resolved "http://10.0.0.202:9008/merge2/-/merge2-1.3.0.tgz#5b366ee83b2f1582c48f87e47cf1a9352103ca81"
  integrity sha1-WzZu6DsvFYLEj4fkfPGpNSEDyoE=

micromatch@^4.0.2:
  version "4.0.2"
  resolved "http://10.0.0.202:9008/micromatch/-/micromatch-4.0.2.tgz#4fcb0999bf9fbc2fcbdd212f6d629b9a56c39259"
  integrity sha1-T8sJmb+fvC/L3SEvbWKbmlbDklk=
  dependencies:
    braces "^3.0.1"
    picomatch "^2.0.5"

minimatch@^3.0.4:
  version "3.0.4"
  resolved "http://10.0.0.202:9008/minimatch/-/minimatch-3.0.4.tgz#5166e286457f03306064be5497e8dbb0c3d32083"
  integrity sha1-UWbihkV/AzBgZL5Ul+jbsMPTIIM=
  dependencies:
    brace-expansion "^1.1.7"

multimatch@^4.0.0:
  version "4.0.0"
  resolved "http://10.0.0.202:9008/multimatch/-/multimatch-4.0.0.tgz#8c3c0f6e3e8449ada0af3dd29efb491a375191b3"
  integrity sha1-jDwPbj6ESa2grz3SnvtJGjdRkbM=
  dependencies:
    "@types/minimatch" "^3.0.3"
    array-differ "^3.0.0"
    array-union "^2.1.0"
    arrify "^2.0.1"
    minimatch "^3.0.4"

node-fetch@^2.1.2, node-fetch@^2.2.0:
  version "2.6.0"
  resolved "https://registry.yarnpkg.com/node-fetch/-/node-fetch-2.6.0.tgz#e633456386d4aa55863f676a7ab0daa8fdecb0fd"
  integrity sha512-8dG4H5ujfvFiqDmVu9fQ5bOHUC15JMjMY/Zumv26oOvvVJjM67KF8koCWIabKQ1GJIa9r2mMZscBq/TbdOcmNA==

object-inspect@^1.7.0:
  version "1.7.0"
  resolved "https://registry.yarnpkg.com/object-inspect/-/object-inspect-1.7.0.tgz#f4f6bd181ad77f006b5ece60bd0b6f398ff74a67"
  integrity sha512-a7pEHdh1xKIAgTySUGgLMx/xwDZskN1Ud6egYYN3EdRW4ZMPNEDUTF+hwy2LUC+Bl+SyLXANnwz/jyh/qutKUw==

object-keys@^1.0.11, object-keys@^1.0.12, object-keys@^1.1.1:
  version "1.1.1"
  resolved "https://registry.yarnpkg.com/object-keys/-/object-keys-1.1.1.tgz#1c47f272df277f3b1daf061677d9c82e2322c60e"
  integrity sha512-NuAESUOUMrlIXOfHKzD6bpPu3tYt3xvjNdRIQ+FeT0lNb4K8WR70CaDxhuNguS2XG+GjkyMwOzsN5ZktImfhLA==

object.assign@^4.1.0:
  version "4.1.0"
  resolved "https://registry.yarnpkg.com/object.assign/-/object.assign-4.1.0.tgz#968bf1100d7956bb3ca086f006f846b3bc4008da"
  integrity sha512-exHJeq6kBKj58mqGyTQ9DFvrZC/eR6OwxzoM9YRoGBqrXYonaFyGiFMuc9VZrXf7DarreEwMpurG3dd+CNyW5w==
  dependencies:
    define-properties "^1.1.2"
    function-bind "^1.1.1"
    has-symbols "^1.0.0"
    object-keys "^1.0.11"

object.getownpropertydescriptors@^2.0.3:
  version "2.1.0"
  resolved "https://registry.yarnpkg.com/object.getownpropertydescriptors/-/object.getownpropertydescriptors-2.1.0.tgz#369bf1f9592d8ab89d712dced5cb81c7c5352649"
  integrity sha512-Z53Oah9A3TdLoblT7VKJaTDdXdT+lQO+cNpKVnya5JDe9uLvzu1YyY1yFDFrcxrlRgWrEFH0jJtD/IbuwjcEVg==
  dependencies:
    define-properties "^1.1.3"
    es-abstract "^1.17.0-next.1"

picomatch@^2.0.5:
  version "2.1.1"
  resolved "http://10.0.0.202:9008/picomatch/-/picomatch-2.1.1.tgz#ecdfbea7704adb5fe6fb47f9866c4c0e15e905c5"
  integrity sha1-7N++p3BK21/m+0f5hmxMDhXpBcU=

reflect-metadata@^0.1.13:
  version "0.1.13"
  resolved "http://10.0.0.202:9008/reflect-metadata/-/reflect-metadata-0.1.13.tgz#67ae3ca57c972a2aa1642b10fe363fe32d49dc08"
  integrity sha1-Z648pXyXKiqhZCsQ/jY/4y1J3Ag=

reusify@^1.0.0:
  version "1.0.4"
  resolved "http://10.0.0.202:9008/reusify/-/reusify-1.0.4.tgz#90da382b1e126efc02146e90845a88db12925d76"
  integrity sha1-kNo4Kx4SbvwCFG6QhFqI2xKSXXY=

run-parallel@^1.1.9:
  version "1.1.9"
  resolved "http://10.0.0.202:9008/run-parallel/-/run-parallel-1.1.9.tgz#c9dd3a7cf9f4b2c4b6244e173a6ed866e61dd679"
  integrity sha1-yd06fPn0ssS2JE4XOm7YZuYd1nk=

rxjs@^6.5.3:
  version "6.5.4"
  resolved "http://10.0.0.202:9008/rxjs/-/rxjs-6.5.4.tgz#e0777fe0d184cec7872df147f303572d414e211c"
  integrity sha1-4Hd/4NGEzseHLfFH8wNXLUFOIRw=
  dependencies:
    tslib "^1.9.0"

safe-buffer@^5.0.1:
  version "5.2.0"
  resolved "http://10.0.0.202:9008/safe-buffer/-/safe-buffer-5.2.0.tgz#b74daec49b1148f88c64b68d49b1e815c1f2f519"
  integrity sha1-t02uxJsRSPiMZLaNSbHoFcHy9Rk=

sha.js@^2.4.11:
  version "2.4.11"
  resolved "https://registry.yarnpkg.com/sha.js/-/sha.js-2.4.11.tgz#37a5cf0b81ecbc6943de109ba2960d1b26584ae7"
  integrity sha512-QMEp5B7cftE7APOjk5Y6xgrbWu+WkLVQwk8JNjZ8nKRciZaByEW6MubieAiToS7+dwvrjGhH8jRXz3MVd0AYqQ==
  dependencies:
    inherits "^2.0.1"
    safe-buffer "^5.0.1"

string.prototype.trimleft@^2.1.1:
  version "2.1.1"
  resolved "https://registry.yarnpkg.com/string.prototype.trimleft/-/string.prototype.trimleft-2.1.1.tgz#9bdb8ac6abd6d602b17a4ed321870d2f8dcefc74"
  integrity sha512-iu2AGd3PuP5Rp7x2kEZCrB2Nf41ehzh+goo8TV7z8/XDBbsvc6HQIlUl9RjkZ4oyrW1XM5UwlGl1oVEaDjg6Ag==
  dependencies:
    define-properties "^1.1.3"
    function-bind "^1.1.1"

string.prototype.trimright@^2.1.1:
  version "2.1.1"
  resolved "https://registry.yarnpkg.com/string.prototype.trimright/-/string.prototype.trimright-2.1.1.tgz#440314b15996c866ce8a0341894d45186200c5d9"
  integrity sha512-qFvWL3/+QIgZXVmJBfpHmxLB7xsUXz6HsUmP8+5dRaC3Q7oKUv9Vo6aMCRZC1smrtyECFsIT30PqBJ1gTjAs+g==
  dependencies:
    define-properties "^1.1.3"
    function-bind "^1.1.1"

to-regex-range@^5.0.1:
  version "5.0.1"
  resolved "http://10.0.0.202:9008/to-regex-range/-/to-regex-range-5.0.1.tgz#1648c44aae7c8d988a326018ed72f5b4dd0392e4"
  integrity sha1-FkjESq58jZiKMmAY7XL1tN0DkuQ=
  dependencies:
    is-number "^7.0.0"

ts-morph@^6.0.2:
  version "6.0.2"
  resolved "http://10.0.0.202:9008/ts-morph/-/ts-morph-6.0.2.tgz#706ea79d1e604837150a885098287bd9d65c4660"
  integrity sha1-cG6nnR5gSDcVCohQmCh72dZcRmA=
  dependencies:
    "@dsherret/to-absolute-glob" "^2.0.2"
    "@ts-morph/common" "~0.2.2"
    code-block-writer "^10.1.0"

tslib@^1.9.0:
  version "1.10.0"
  resolved "http://10.0.0.202:9008/tslib/-/tslib-1.10.0.tgz#c3c19f95973fb0a62973fb09d90d961ee43e5c8a"
  integrity sha1-w8GflZc/sKYpc/sJ2Q2WHuQ+XIo=

typescript@^3.7.3, typescript@~3.7.2:
  version "3.7.4"
  resolved "http://10.0.0.202:9008/typescript/-/typescript-3.7.4.tgz#1743a5ec5fef6a1fa9f3e4708e33c81c73876c19"
  integrity sha1-F0Ol7F/vah+p8+RwjjPIHHOHbBk=

unc-path-regex@^0.1.2:
  version "0.1.2"
  resolved "http://10.0.0.202:9008/unc-path-regex/-/unc-path-regex-0.1.2.tgz#e73dd3d7b0d7c5ed86fbac6b0ae7d8c6a69d50fa"
  integrity sha1-5z3T17DXxe2G+6xrCufYxqadUPo=

universalify@^0.1.0:
  version "0.1.2"
  resolved "http://10.0.0.202:9008/universalify/-/universalify-0.1.2.tgz#b646f69be3942dabcecc9d6639c80dc105efaa66"
  integrity sha1-tkb2m+OULavOzJ1mOcgNwQXvqmY=

util.promisify@^1.0.0:
  version "1.0.0"
  resolved "https://registry.yarnpkg.com/util.promisify/-/util.promisify-1.0.0.tgz#440f7165a459c9a16dc145eb8e72f35687097030"
  integrity sha512-i+6qA2MPhvoKLuxnJNpXAGhg7HphQOSUq2LKMZD0m15EiskXUkMvKdF4Uui0WYeCUGea+o2cw/ZuwehtfsrNkA==
  dependencies:
    define-properties "^1.1.2"
    object.getownpropertydescriptors "^2.0.3"
